
Microsoft Visual Studio Solution File, Format Version 12.00
# Visual Studio 15
VisualStudioVersion = 15.0.27703.2026
MinimumVisualStudioVersion = 10.0.40219.1
Project("{FAE04EC0-301F-11D3-BF4B-00C04F79EFBC}") = "UPMC_App.Android", "UPMC_App\UPMC_App.Android\UPMC_App.Android.csproj", "{DB557E15-D895-44EC-B3F1-401D29C63617}"
EndProject
Project("{FAE04EC0-301F-11D3-BF4B-00C04F79EFBC}") = "UPMC_App.iOS", "UPMC_App\UPMC_App.iOS\UPMC_App.iOS.csproj", "{45127775-4BAD-4FDF-A025-406008912B1A}"
EndProject
Project("{9A19103F-16F7-4668-BE54-9A1E7A4F7556}") = "UPMC_App", "UPMC_App\UPMC_App\UPMC_App.csproj", "{143E8161-E3B4-4E30-8C9D-300B1A7927D4}"
EndProject
Global
	GlobalSection(SolutionConfigurationPlatforms) = preSolution
		Ad-Hoc|Any CPU = Ad-Hoc|Any CPU
		Ad-Hoc|iPhone = Ad-Hoc|iPhone
		Ad-Hoc|iPhoneSimulator = Ad-Hoc|iPhoneSimulator
		AppStore|Any CPU = AppStore|Any CPU
		AppStore|iPhone = AppStore|iPhone
		AppStore|iPhoneSimulator = AppStore|iPhoneSimulator
		Debug|Any CPU = Debug|Any CPU
		Debug|iPhone = Debug|iPhone
		Debug|iPhoneSimulator = Debug|iPhoneSimulator
		Release|Any CPU = Release|Any CPU
		Release|iPhone = Release|iPhone
		Release|iPhoneSimulator = Release|iPhoneSimulator
	EndGlobalSection
	GlobalSection(ProjectConfigurationPlatforms) = postSolution
		{DB557E15-D895-44EC-B3F1-401D29C63617}.Ad-Hoc|Any CPU.ActiveCfg = Release|Any CPU
		{DB557E15-D895-44EC-B3F1-401D29C63617}.Ad-Hoc|Any CPU.Build.0 = Release|Any CPU
		{DB557E15-D895-44EC-B3F1-401D29C63617}.Ad-Hoc|Any CPU.Deploy.0 = Release|Any CPU
		{DB557E15-D895-44EC-B3F1-401D29C63617}.Ad-Hoc|iPhone.ActiveCfg = Release|Any CPU
		{DB557E15-D895-44EC-B3F1-401D29C63617}.Ad-Hoc|iPhone.Build.0 = Release|Any CPU
		{DB557E15-D895-44EC-B3F1-401D29C63617}.Ad-Hoc|iPhone.Deploy.0 = Release|Any CPU
		{DB557E15-D895-44EC-B3F1-401D29C63617}.Ad-Hoc|iPhoneSimulator.ActiveCfg = Release|Any CPU
		{DB557E15-D895-44EC-B3F1-401D29C63617}.Ad-Hoc|iPhoneSimulator.Build.0 = Release|Any CPU
		{DB557E15-D895-44EC-B3F1-401D29C63617}.Ad-Hoc|iPhoneSimulator.Deploy.0 = Release|Any CPU
		{DB557E15-D895-44EC-B3F1-401D29C63617}.AppStore|Any CPU.ActiveCfg = Release|Any CPU
		{DB557E15-D895-44EC-B3F1-401D29C63617}.AppStore|Any CPU.Build.0 = Release|Any CPU
		{DB557E15-D895-44EC-B3F1-401D29C63617}.AppStore|Any CPU.Deploy.0 = Release|Any CPU
		{DB557E15-D895-44EC-B3F1-401D29C63617}.AppStore|iPhone.ActiveCfg = Release|Any CPU
		{DB557E15-D895-44EC-B3F1-401D29C63617}.AppStore|iPhone.Build.0 = Release|Any CPU
		{DB557E15-D895-44EC-B3F1-401D29C63617}.AppStore|iPhone.Deploy.0 = Release|Any CPU
		{DB557E15-D895-44EC-B3F1-401D29C63617}.AppStore|iPhoneSimulator.ActiveCfg = Release|Any CPU
		{DB557E15-D895-44EC-B3F1-401D29C63617}.AppStore|iPhoneSimulator.Build.0 = Release|Any CPU
		{DB557E15-D895-44EC-B3F1-401D29C63617}.AppStore|iPhoneSimulator.Deploy.0 = Release|Any CPU
		{DB557E15-D895-44EC-B3F1-401D29C63617}.Debug|Any CPU.ActiveCfg = Debug|Any CPU
		{DB557E15-D895-44EC-B3F1-401D29C63617}.Debug|Any CPU.Build.0 = Debug|Any CPU
		{DB557E15-D895-44EC-B3F1-401D29C63617}.Debug|Any CPU.Deploy.0 = Debug|Any CPU
		{DB557E15-D895-44EC-B3F1-401D29C63617}.Debug|iPhone.ActiveCfg = Debug|Any CPU
		{DB557E15-D895-44EC-B3F1-401D29C63617}.Debug|iPhone.Build.0 = Debug|Any CPU
		{DB557E15-D895-44EC-B3F1-401D29C63617}.Debug|iPhone.Deploy.0 = Debug|Any CPU
		{DB557E15-D895-44EC-B3F1-401D29C63617}.Debug|iPhoneSimulator.ActiveCfg = Debug|Any CPU
		{DB557E15-D895-44EC-B3F1-401D29C63617}.Debug|iPhoneSimulator.Build.0 = Debug|Any CPU
		{DB557E15-D895-44EC-B3F1-401D29C63617}.Debug|iPhoneSimulator.Deploy.0 = Debug|Any CPU
		{DB557E15-D895-44EC-B3F1-401D29C63617}.Release|Any CPU.ActiveCfg = Release|Any CPU
		{DB557E15-D895-44EC-B3F1-401D29C63617}.Release|Any CPU.Build.0 = Release|Any CPU
		{DB557E15-D895-44EC-B3F1-401D29C63617}.Release|Any CPU.Deploy.0 = Release|Any CPU
		{DB557E15-D895-44EC-B3F1-401D29C63617}.Release|iPhone.ActiveCfg = Release|Any CPU
		{DB557E15-D895-44EC-B3F1-401D29C63617}.Release|iPhone.Build.0 = Release|Any CPU
		{DB557E15-D895-44EC-B3F1-401D29C63617}.Release|iPhone.Deploy.0 = Release|Any CPU
		{DB557E15-D895-44EC-B3F1-401D29C63617}.Release|iPhoneSimulator.ActiveCfg = Release|Any CPU
		{DB557E15-D895-44EC-B3F1-401D29C63617}.Release|iPhoneSimulator.Build.0 = Release|Any CPU
		{DB557E15-D895-44EC-B3F1-401D29C63617}.Release|iPhoneSimulator.Deploy.0 = Release|Any CPU
		{45127775-4BAD-4FDF-A025-406008912B1A}.Ad-Hoc|Any CPU.ActiveCfg = Ad-Hoc|iPhone
		{45127775-4BAD-4FDF-A025-406008912B1A}.Ad-Hoc|Any CPU.Build.0 = Ad-Hoc|iPhone
		{45127775-4BAD-4FDF-A025-406008912B1A}.Ad-Hoc|Any CPU.Deploy.0 = Ad-Hoc|iPhone
		{45127775-4BAD-4FDF-A025-406008912B1A}.Ad-Hoc|iPhone.ActiveCfg = Ad-Hoc|iPhone
		{45127775-4BAD-4FDF-A025-406008912B1A}.Ad-Hoc|iPhone.Build.0 = Ad-Hoc|iPhone
		{45127775-4BAD-4FDF-A025-406008912B1A}.Ad-Hoc|iPhone.Deploy.0 = Ad-Hoc|iPhone
		{45127775-4BAD-4FDF-A025-406008912B1A}.Ad-Hoc|iPhoneSimulator.ActiveCfg = Ad-Hoc|iPhoneSimulator
		{45127775-4BAD-4FDF-A025-406008912B1A}.Ad-Hoc|iPhoneSimulator.Build.0 = Ad-Hoc|iPhoneSimulator
		{45127775-4BAD-4FDF-A025-406008912B1A}.Ad-Hoc|iPhoneSimulator.Deploy.0 = Ad-Hoc|iPhoneSimulator
		{45127775-4BAD-4FDF-A025-406008912B1A}.AppStore|Any CPU.ActiveCfg = AppStore|iPhone
		{45127775-4BAD-4FDF-A025-406008912B1A}.AppStore|Any CPU.Build.0 = AppStore|iPhone
		{45127775-4BAD-4FDF-A025-406008912B1A}.AppStore|Any CPU.Deploy.0 = AppStore|iPhone
		{45127775-4BAD-4FDF-A025-406008912B1A}.AppStore|iPhone.ActiveCfg = AppStore|iPhone
		{45127775-4BAD-4FDF-A025-406008912B1A}.AppStore|iPhone.Build.0 = AppStore|iPhone
		{45127775-4BAD-4FDF-A025-406008912B1A}.AppStore|iPhone.Deploy.0 = AppStore|iPhone
		{45127775-4BAD-4FDF-A025-406008912B1A}.AppStore|iPhoneSimulator.ActiveCfg = AppStore|iPhoneSimulator
		{45127775-4BAD-4FDF-A025-406008912B1A}.AppStore|iPhoneSimulator.Build.0 = AppStore|iPhoneSimulator
		{45127775-4BAD-4FDF-A025-406008912B1A}.AppStore|iPhoneSimulator.Deploy.0 = AppStore|iPhoneSimulator
		{45127775-4BAD-4FDF-A025-406008912B1A}.Debug|Any CPU.ActiveCfg = Debug|iPhoneSimulator
		{45127775-4BAD-4FDF-A025-406008912B1A}.Debug|Any CPU.Build.0 = Debug|iPhoneSimulator
		{45127775-4BAD-4FDF-A025-406008912B1A}.Debug|Any CPU.Deploy.0 = Debug|iPhoneSimulator
		{45127775-4BAD-4FDF-A025-406008912B1A}.Debug|iPhone.ActiveCfg = Debug|iPhone
		{45127775-4BAD-4FDF-A025-406008912B1A}.Debug|iPhone.Build.0 = Debug|iPhone
		{45127775-4BAD-4FDF-A025-406008912B1A}.Debug|iPhone.Deploy.0 = Debug|iPhone
		{45127775-4BAD-4FDF-A025-406008912B1A}.Debug|iPhoneSimulator.ActiveCfg = Debug|iPhoneSimulator
		{45127775-4BAD-4FDF-A025-406008912B1A}.Debug|iPhoneSimulator.Build.0 = Debug|iPhoneSimulator
		{45127775-4BAD-4FDF-A025-406008912B1A}.Debug|iPhoneSimulator.Deploy.0 = Debug|iPhoneSimulator
		{45127775-4BAD-4FDF-A025-406008912B1A}.Release|Any CPU.ActiveCfg = Release|iPhone
		{45127775-4BAD-4FDF-A025-406008912B1A}.Release|Any CPU.Build.0 = Release|iPhone
		{45127775-4BAD-4FDF-A025-406008912B1A}.Release|Any CPU.Deploy.0 = Release|iPhone
		{45127775-4BAD-4FDF-A025-406008912B1A}.Release|iPhone.ActiveCfg = Release|iPhone
		{45127775-4BAD-4FDF-A025-406008912B1A}.Release|iPhone.Build.0 = Release|iPhone
		{45127775-4BAD-4FDF-A025-406008912B1A}.Release|iPhone.Deploy.0 = Release|iPhone
		{45127775-4BAD-4FDF-A025-406008912B1A}.Release|iPhoneSimulator.ActiveCfg = Release|iPhoneSimulator
		{45127775-4BAD-4FDF-A025-406008912B1A}.Release|iPhoneSimulator.Build.0 = Release|iPhoneSimulator
		{45127775-4BAD-4FDF-A025-406008912B1A}.Release|iPhoneSimulator.Deploy.0 = Release|iPhoneSimulator
		{143E8161-E3B4-4E30-8C9D-300B1A7927D4}.Ad-Hoc|Any CPU.ActiveCfg = Debug|Any CPU
		{143E8161-E3B4-4E30-8C9D-300B1A7927D4}.Ad-Hoc|Any CPU.Build.0 = Debug|Any CPU
		{143E8161-E3B4-4E30-8C9D-300B1A7927D4}.Ad-Hoc|Any CPU.Deploy.0 = Debug|Any CPU
		{143E8161-E3B4-4E30-8C9D-300B1A7927D4}.Ad-Hoc|iPhone.ActiveCfg = Debug|Any CPU
		{143E8161-E3B4-4E30-8C9D-300B1A7927D4}.Ad-Hoc|iPhone.Build.0 = Debug|Any CPU
		{143E8161-E3B4-4E30-8C9D-300B1A7927D4}.Ad-Hoc|iPhone.Deploy.0 = Debug|Any CPU
		{143E8161-E3B4-4E30-8C9D-300B1A7927D4}.Ad-Hoc|iPhoneSimulator.ActiveCfg = Debug|Any CPU
		{143E8161-E3B4-4E30-8C9D-300B1A7927D4}.Ad-Hoc|iPhoneSimulator.Build.0 = Debug|Any CPU
		{143E8161-E3B4-4E30-8C9D-300B1A7927D4}.Ad-Hoc|iPhoneSimulator.Deploy.0 = Debug|Any CPU
		{143E8161-E3B4-4E30-8C9D-300B1A7927D4}.AppStore|Any CPU.ActiveCfg = Debug|Any CPU
		{143E8161-E3B4-4E30-8C9D-300B1A7927D4}.AppStore|Any CPU.Build.0 = Debug|Any CPU
		{143E8161-E3B4-4E30-8C9D-300B1A7927D4}.AppStore|Any CPU.Deploy.0 = Debug|Any CPU
		{143E8161-E3B4-4E30-8C9D-300B1A7927D4}.AppStore|iPhone.ActiveCfg = Debug|Any CPU
		{143E8161-E3B4-4E30-8C9D-300B1A7927D4}.AppStore|iPhone.Build.0 = Debug|Any CPU
		{143E8161-E3B4-4E30-8C9D-300B1A7927D4}.AppStore|iPhone.Deploy.0 = Debug|Any CPU
		{143E8161-E3B4-4E30-8C9D-300B1A7927D4}.AppStore|iPhoneSimulator.ActiveCfg = Debug|Any CPU
		{143E8161-E3B4-4E30-8C9D-300B1A7927D4}.AppStore|iPhoneSimulator.Build.0 = Debug|Any CPU
		{143E8161-E3B4-4E30-8C9D-300B1A7927D4}.AppStore|iPhoneSimulator.Deploy.0 = Debug|Any CPU
		{143E8161-E3B4-4E30-8C9D-300B1A7927D4}.Debug|Any CPU.ActiveCfg = Debug|Any CPU
		{143E8161-E3B4-4E30-8C9D-300B1A7927D4}.Debug|Any CPU.Build.0 = Debug|Any CPU
		{143E8161-E3B4-4E30-8C9D-300B1A7927D4}.Debug|Any CPU.Deploy.0 = Debug|Any CPU
		{143E8161-E3B4-4E30-8C9D-300B1A7927D4}.Debug|iPhone.ActiveCfg = Debug|Any CPU
		{143E8161-E3B4-4E30-8C9D-300B1A7927D4}.Debug|iPhone.Build.0 = Debug|Any CPU
		{143E8161-E3B4-4E30-8C9D-300B1A7927D4}.Debug|iPhone.Deploy.0 = Debug|Any CPU
		{143E8161-E3B4-4E30-8C9D-300B1A7927D4}.Debug|iPhoneSimulator.ActiveCfg = Debug|Any CPU
		{143E8161-E3B4-4E30-8C9D-300B1A7927D4}.Debug|iPhoneSimulator.Build.0 = Debug|Any CPU
		{143E8161-E3B4-4E30-8C9D-300B1A7927D4}.Debug|iPhoneSimulator.Deploy.0 = Debug|Any CPU
		{143E8161-E3B4-4E30-8C9D-300B1A7927D4}.Release|Any CPU.ActiveCfg = Release|Any CPU
		{143E8161-E3B4-4E30-8C9D-300B1A7927D4}.Release|Any CPU.Build.0 = Release|Any CPU
		{143E8161-E3B4-4E30-8C9D-300B1A7927D4}.Release|Any CPU.Deploy.0 = Release|Any CPU
		{143E8161-E3B4-4E30-8C9D-300B1A7927D4}.Release|iPhone.ActiveCfg = Release|Any CPU
		{143E8161-E3B4-4E30-8C9D-300B1A7927D4}.Release|iPhone.Build.0 = Release|Any CPU
		{143E8161-E3B4-4E30-8C9D-300B1A7927D4}.Release|iPhone.Deploy.0 = Release|Any CPU
		{143E8161-E3B4-4E30-8C9D-300B1A7927D4}.Release|iPhoneSimulator.ActiveCfg = Release|Any CPU
		{143E8161-E3B4-4E30-8C9D-300B1A7927D4}.Release|iPhoneSimulator.Build.0 = Release|Any CPU
		{143E8161-E3B4-4E30-8C9D-300B1A7927D4}.Release|iPhoneSimulator.Deploy.0 = Release|Any CPU
	EndGlobalSection
	GlobalSection(SolutionProperties) = preSolution
		HideSolutionNode = FALSE
	EndGlobalSection
	GlobalSection(ExtensibilityGlobals) = postSolution
		SolutionGuid = {86A5386A-F3F1-4C51-9BA3-99D66995F486}
	EndGlobalSection
	GlobalSection(TeamFoundationVersionControl) = preSolution
		SccNumberOfProjects = 4
		SccEnterpriseProvider = {4CA58AB2-18FA-4F8D-95D4-32DDF27D184C}
		SccTeamFoundationServer = https://krbsoft.visualstudio.com/defaultcollection
		SccLocalPath0 = .
		SccProjectUniqueName1 = UPMC_App\\UPMC_App.Android\\UPMC_App.Android.csproj
		SccProjectName1 = UPMC_App/UPMC_App.Android
		SccLocalPath1 = UPMC_App\\UPMC_App.Android
		SccProjectUniqueName2 = UPMC_App\\UPMC_App.iOS\\UPMC_App.iOS.csproj
		SccProjectName2 = UPMC_App/UPMC_App.iOS
		SccLocalPath2 = UPMC_App\\UPMC_App.iOS
		SccProjectUniqueName3 = UPMC_App\\UPMC_App\\UPMC_App.csproj
		SccProjectName3 = UPMC_App/UPMC_App
		SccLocalPath3 = UPMC_App\\UPMC_App
	EndGlobalSection
EndGlobal
